// !$*UTF8*$!
{
	archiveVersion = 1;
	classes = {
	};
	objectVersion = 46;
	objects = {

/* Begin PBXBuildFile section */
		1A34B5CA1D623CC500751EE6 /* WebViewVC.swift in Sources */ = {isa = PBXBuildFile; fileRef = 1A34B5C91D623CC500751EE6 /* WebViewVC.swift */; };
		1A7863AB1D6206C9004C1DC4 /* AppDelegate.swift in Sources */ = {isa = PBXBuildFile; fileRef = 1A7863AA1D6206C9004C1DC4 /* AppDelegate.swift */; };
		1A7863B01D6206C9004C1DC4 /* Main.storyboard in Resources */ = {isa = PBXBuildFile; fileRef = 1A7863AE1D6206C9004C1DC4 /* Main.storyboard */; };
		1A7863B21D6206CA004C1DC4 /* Assets.xcassets in Resources */ = {isa = PBXBuildFile; fileRef = 1A7863B11D6206CA004C1DC4 /* Assets.xcassets */; };
		1A7863B51D6206CA004C1DC4 /* LaunchScreen.storyboard in Resources */ = {isa = PBXBuildFile; fileRef = 1A7863B31D6206CA004C1DC4 /* LaunchScreen.storyboard */; };
		1A7863BD1D620AD8004C1DC4 /* RootVC.swift in Sources */ = {isa = PBXBuildFile; fileRef = 1A7863BC1D620AD8004C1DC4 /* RootVC.swift */; };
		1A9336461D62A6C400B3ABFC /* important_numbers.txt in Resources */ = {isa = PBXBuildFile; fileRef = 1A9336451D62A6C400B3ABFC /* important_numbers.txt */; };
		1A93364A1D62A77500B3ABFC /* ImportantContacts.swift in Sources */ = {isa = PBXBuildFile; fileRef = 1A9336491D62A77500B3ABFC /* ImportantContacts.swift */; };
		1A93364C1D62A8A200B3ABFC /* PhoneNumberCell.swift in Sources */ = {isa = PBXBuildFile; fileRef = 1A93364B1D62A8A200B3ABFC /* PhoneNumberCell.swift */; };
		1ACA4C041D621F2300DEB0C0 /* SupportVC.swift in Sources */ = {isa = PBXBuildFile; fileRef = 1ACA4C031D621F2200DEB0C0 /* SupportVC.swift */; };
/* End PBXBuildFile section */

/* Begin PBXFileReference section */
		1A34B5C91D623CC500751EE6 /* WebViewVC.swift */ = {isa = PBXFileReference; fileEncoding = 4; lastKnownFileType = sourcecode.swift; path = WebViewVC.swift; sourceTree = "<group>"; };
		1A7863A71D6206C9004C1DC4 /* SSS Freshman App.app */ = {isa = PBXFileReference; explicitFileType = wrapper.application; includeInIndex = 0; path = "SSS Freshman App.app"; sourceTree = BUILT_PRODUCTS_DIR; };
		1A7863AA1D6206C9004C1DC4 /* AppDelegate.swift */ = {isa = PBXFileReference; lastKnownFileType = sourcecode.swift; path = AppDelegate.swift; sourceTree = "<group>"; };
		1A7863AF1D6206C9004C1DC4 /* Base */ = {isa = PBXFileReference; lastKnownFileType = file.storyboard; name = Base; path = Base.lproj/Main.storyboard; sourceTree = "<group>"; };
		1A7863B11D6206CA004C1DC4 /* Assets.xcassets */ = {isa = PBXFileReference; lastKnownFileType = folder.assetcatalog; path = Assets.xcassets; sourceTree = "<group>"; };
		1A7863B41D6206CA004C1DC4 /* Base */ = {isa = PBXFileReference; lastKnownFileType = file.storyboard; name = Base; path = Base.lproj/LaunchScreen.storyboard; sourceTree = "<group>"; };
		1A7863B61D6206CA004C1DC4 /* Info.plist */ = {isa = PBXFileReference; lastKnownFileType = text.plist.xml; path = Info.plist; sourceTree = "<group>"; };
		1A7863BC1D620AD8004C1DC4 /* RootVC.swift */ = {isa = PBXFileReference; fileEncoding = 4; lastKnownFileType = sourcecode.swift; name = RootVC.swift; path = RootGroup/RootVC.swift; sourceTree = "<group>"; };
		1A9336451D62A6C400B3ABFC /* important_numbers.txt */ = {isa = PBXFileReference; fileEncoding = 4; lastKnownFileType = text; path = important_numbers.txt; sourceTree = "<group>"; };
		1A9336491D62A77500B3ABFC /* ImportantContacts.swift */ = {isa = PBXFileReference; fileEncoding = 4; lastKnownFileType = sourcecode.swift; path = ImportantContacts.swift; sourceTree = "<group>"; };
		1A93364B1D62A8A200B3ABFC /* PhoneNumberCell.swift */ = {isa = PBXFileReference; fileEncoding = 4; lastKnownFileType = sourcecode.swift; path = PhoneNumberCell.swift; sourceTree = "<group>"; };
		1ACA4C031D621F2200DEB0C0 /* SupportVC.swift */ = {isa = PBXFileReference; fileEncoding = 4; lastKnownFileType = sourcecode.swift; path = SupportVC.swift; sourceTree = "<group>"; };
/* End PBXFileReference section */

/* Begin PBXFrameworksBuildPhase section */
		1A7863A41D6206C9004C1DC4 /* Frameworks */ = {
			isa = PBXFrameworksBuildPhase;
			buildActionMask = 2147483647;
			files = (
			);
			runOnlyForDeploymentPostprocessing = 0;
		};
/* End PBXFrameworksBuildPhase section */

/* Begin PBXGroup section */
		1A78639E1D6206C9004C1DC4 = {
			isa = PBXGroup;
			children = (
				1A7863A91D6206C9004C1DC4 /* SSS Freshman App */,
				1A7863A81D6206C9004C1DC4 /* Products */,
			);
			sourceTree = "<group>";
		};
		1A7863A81D6206C9004C1DC4 /* Products */ = {
			isa = PBXGroup;
			children = (
				1A7863A71D6206C9004C1DC4 /* SSS Freshman App.app */,
			);
			name = Products;
			sourceTree = "<group>";
		};
		1A7863A91D6206C9004C1DC4 /* SSS Freshman App */ = {
			isa = PBXGroup;
			children = (
				1A9336481D62A76000B3ABFC /* Contacts */,
				1ACA4C021D621F1100DEB0C0 /* Support */,
				1A7863BE1D620ADE004C1DC4 /* RootGroup */,
				1A7863AA1D6206C9004C1DC4 /* AppDelegate.swift */,
				1A7863AE1D6206C9004C1DC4 /* Main.storyboard */,
				1A7863B11D6206CA004C1DC4 /* Assets.xcassets */,
				1A7863B31D6206CA004C1DC4 /* LaunchScreen.storyboard */,
				1A7863B61D6206CA004C1DC4 /* Info.plist */,
			);
			path = "SSS Freshman App";
			sourceTree = "<group>";
		};
		1A7863BE1D620ADE004C1DC4 /* RootGroup */ = {
			isa = PBXGroup;
			children = (
				1A7863BC1D620AD8004C1DC4 /* RootVC.swift */,
			);
			name = RootGroup;
			sourceTree = "<group>";
		};
		1A9336481D62A76000B3ABFC /* Contacts */ = {
			isa = PBXGroup;
			children = (
				1A9336451D62A6C400B3ABFC /* important_numbers.txt */,
				1A9336491D62A77500B3ABFC /* ImportantContacts.swift */,
				1A93364B1D62A8A200B3ABFC /* PhoneNumberCell.swift */,
			);
			name = Contacts;
			sourceTree = "<group>";
		};
		1ACA4C021D621F1100DEB0C0 /* Support */ = {
			isa = PBXGroup;
			children = (
				1ACA4C031D621F2200DEB0C0 /* SupportVC.swift */,
				1A34B5C91D623CC500751EE6 /* WebViewVC.swift */,
			);
			name = Support;
			sourceTree = "<group>";
		};
/* End PBXGroup section */

/* Begin PBXNativeTarget section */
		1A7863A61D6206C9004C1DC4 /* SSS Freshman App */ = {
			isa = PBXNativeTarget;
			buildConfigurationList = 1A7863B91D6206CA004C1DC4 /* Build configuration list for PBXNativeTarget "SSS Freshman App" */;
			buildPhases = (
				1A7863A31D6206C9004C1DC4 /* Sources */,
				1A7863A41D6206C9004C1DC4 /* Frameworks */,
				1A7863A51D6206C9004C1DC4 /* Resources */,
			);
			buildRules = (
			);
			dependencies = (
			);
			name = "SSS Freshman App";
			productName = "SSS Freshman App";
			productReference = 1A7863A71D6206C9004C1DC4 /* SSS Freshman App.app */;
			productType = "com.apple.product-type.application";
		};
/* End PBXNativeTarget section */

/* Begin PBXProject section */
		1A78639F1D6206C9004C1DC4 /* Project object */ = {
			isa = PBXProject;
			attributes = {
				LastSwiftUpdateCheck = 0730;
				LastUpgradeCheck = 0730;
				ORGANIZATIONNAME = "Digital Catnip";
				TargetAttributes = {
					1A7863A61D6206C9004C1DC4 = {
						CreatedOnToolsVersion = 7.3.1;
					};
				};
			};
			buildConfigurationList = 1A7863A21D6206C9004C1DC4 /* Build configuration list for PBXProject "Pace SSS" */;
			compatibilityVersion = "Xcode 3.2";
			developmentRegion = English;
			hasScannedForEncodings = 0;
			knownRegions = (
				en,
				Base,
			);
			mainGroup = 1A78639E1D6206C9004C1DC4;
			productRefGroup = 1A7863A81D6206C9004C1DC4 /* Products */;
			projectDirPath = "";
			projectRoot = "";
			targets = (
				1A7863A61D6206C9004C1DC4 /* SSS Freshman App */,
			);
		};
/* End PBXProject section */

/* Begin PBXResourcesBuildPhase section */
		1A7863A51D6206C9004C1DC4 /* Resources */ = {
			isa = PBXResourcesBuildPhase;
			buildActionMask = 2147483647;
			files = (
				1A7863B51D6206CA004C1DC4 /* LaunchScreen.storyboard in Resources */,
				1A7863B21D6206CA004C1DC4 /* Assets.xcassets in Resources */,
				1A9336461D62A6C400B3ABFC /* important_numbers.txt in Resources */,
				1A7863B01D6206C9004C1DC4 /* Main.storyboard in Resources */,
			);
			runOnlyForDeploymentPostprocessing = 0;
		};
/* End PBXResourcesBuildPhase section */

/* Begin PBXSourcesBuildPhase section */
		1A7863A31D6206C9004C1DC4 /* Sources */ = {
			isa = PBXSourcesBuildPhase;
			buildActionMask = 2147483647;
			files = (
				1ACA4C041D621F2300DEB0C0 /* SupportVC.swift in Sources */,
				1A93364A1D62A77500B3ABFC /* ImportantContacts.swift in Sources */,
				1A34B5CA1D623CC500751EE6 /* WebViewVC.swift in Sources */,
				1A93364C1D62A8A200B3ABFC /* PhoneNumberCell.swift in Sources */,
				1A7863BD1D620AD8004C1DC4 /* RootVC.swift in Sources */,
				1A7863AB1D6206C9004C1DC4 /* AppDelegate.swift in Sources */,
			);
			runOnlyForDeploymentPostprocessing = 0;
		};
/* End PBXSourcesBuildPhase section */

/* Begin PBXVariantGroup section */
		1A7863AE1D6206C9004C1DC4 /* Main.storyboard */ = {
			isa = PBXVariantGroup;
			children = (
				1A7863AF1D6206C9004C1DC4 /* Base */,
			);
			name = Main.storyboard;
			sourceTree = "<group>";
		};
		1A7863B31D6206CA004C1DC4 /* LaunchScreen.storyboard */ = {
			isa = PBXVariantGroup;
			children = (
				1A7863B41D6206CA004C1DC4 /* Base */,
			);
			name = LaunchScreen.storyboard;
			sourceTree = "<group>";
		};
/* End PBXVariantGroup section */

/* Begin XCBuildConfiguration section */
		1A7863B71D6206CA004C1DC4 /* Debug */ = {
			isa = XCBuildConfiguration;
			buildSettings = {
				ALWAYS_SEARCH_USER_PATHS = NO;
				CLANG_ANALYZER_NONNULL = YES;
				CLANG_CXX_LANGUAGE_STANDARD = "gnu++0x";
				CLANG_CXX_LIBRARY = "libc++";
				CLANG_ENABLE_MODULES = YES;
				CLANG_ENABLE_OBJC_ARC = YES;
				CLANG_WARN_BOOL_CONVERSION = YES;
				CLANG_WARN_CONSTANT_CONVERSION = YES;
				CLANG_WARN_DIRECT_OBJC_ISA_USAGE = YES_ERROR;
				CLANG_WARN_EMPTY_BODY = YES;
				CLANG_WARN_ENUM_CONVERSION = YES;
				CLANG_WARN_INT_CONVERSION = YES;
				CLANG_WARN_OBJC_ROOT_CLASS = YES_ERROR;
				CLANG_WARN_UNREACHABLE_CODE = YES;
				CLANG_WARN__DUPLICATE_METHOD_MATCH = YES;
				"CODE_SIGN_IDENTITY[sdk=iphoneos*]" = "iPhone Developer";
				COPY_PHASE_STRIP = NO;
				DEBUG_INFORMATION_FORMAT = dwarf;
				ENABLE_STRICT_OBJC_MSGSEND = YES;
				ENABLE_TESTABILITY = YES;
				GCC_C_LANGUAGE_STANDARD = gnu99;
				GCC_DYNAMIC_NO_PIC = NO;
				GCC_NO_COMMON_BLOCKS = YES;
				GCC_OPTIMIZATION_LEVEL = 0;
				GCC_PREPROCESSOR_DEFINITIONS = (
					"DEBUG=1",
					"$(inherited)",
				);
				GCC_WARN_64_TO_32_BIT_CONVERSION = YES;
				GCC_WARN_ABOUT_RETURN_TYPE = YES_ERROR;
				GCC_WARN_UNDECLARED_SELECTOR = YES;
				GCC_WARN_UNINITIALIZED_AUTOS = YES_AGGRESSIVE;
				GCC_WARN_UNUSED_FUNCTION = YES;
				GCC_WARN_UNUSED_VARIABLE = YES;
				IPHONEOS_DEPLOYMENT_TARGET = 9.3;
				MTL_ENABLE_DEBUG_INFO = YES;
				ONLY_ACTIVE_ARCH = YES;
				SDKROOT = iphoneos;
				SWIFT_OPTIMIZATION_LEVEL = "-Onone";
			};
			name = Debug;
		};
		1A7863B81D6206CA004C1DC4 /* Release */ = {
			isa = XCBuildConfiguration;
			buildSettings = {
				ALWAYS_SEARCH_USER_PATHS = NO;
				CLANG_ANALYZER_NONNULL = YES;
				CLANG_CXX_LANGUAGE_STANDARD = "gnu++0x";
				CLANG_CXX_LIBRARY = "libc++";
				CLANG_ENABLE_MODULES = YES;
				CLANG_ENABLE_OBJC_ARC = YES;
				CLANG_WARN_BOOL_CONVERSION = YES;
				CLANG_WARN_CONSTANT_CONVERSION = YES;
				CLANG_WARN_DIRECT_OBJC_ISA_USAGE = YES_ERROR;
				CLANG_WARN_EMPTY_BODY = YES;
				CLANG_WARN_ENUM_CONVERSION = YES;
				CLANG_WARN_INT_CONVERSION = YES;
				CLANG_WARN_OBJC_ROOT_CLASS = YES_ERROR;
				CLANG_WARN_UNREACHABLE_CODE = YES;
				CLANG_WARN__DUPLICATE_METHOD_MATCH = YES;
				"CODE_SIGN_IDENTITY[sdk=iphoneos*]" = "iPhone Developer";
				COPY_PHASE_STRIP = NO;
				DEBUG_INFORMATION_FORMAT = "dwarf-with-dsym";
				ENABLE_NS_ASSERTIONS = NO;
				ENABLE_STRICT_OBJC_MSGSEND = YES;
				GCC_C_LANGUAGE_STANDARD = gnu99;
				GCC_NO_COMMON_BLOCKS = YES;
				GCC_WARN_64_TO_32_BIT_CONVERSION = YES;
				GCC_WARN_ABOUT_RETURN_TYPE = YES_ERROR;
				GCC_WARN_UNDECLARED_SELECTOR = YES;
				GCC_WARN_UNINITIALIZED_AUTOS = YES_AGGRESSIVE;
				GCC_WARN_UNUSED_FUNCTION = YES;
				GCC_WARN_UNUSED_VARIABLE = YES;
				IPHONEOS_DEPLOYMENT_TARGET = 9.3;
				MTL_ENABLE_DEBUG_INFO = NO;
				SDKROOT = iphoneos;
				VALIDATE_PRODUCT = YES;
			};
			name = Release;
		};
		1A7863BA1D6206CA004C1DC4 /* Debug */ = {
			isa = XCBuildConfiguration;
			buildSettings = {
				ASSETCATALOG_COMPILER_APPICON_NAME = AppIcon;
				INFOPLIST_FILE = "SSS Freshman App/Info.plist";
				LD_RUNPATH_SEARCH_PATHS = "$(inherited) @executable_path/Frameworks";
				PRODUCT_BUNDLE_IDENTIFIER = "com.digitalplight.PaceSSS.SSS-Freshman-App";
				PRODUCT_NAME = "$(TARGET_NAME)";
			};
			name = Debug;
		};
		1A7863BB1D6206CA004C1DC4 /* Release */ = {
			isa = XCBuildConfiguration;
			buildSettings = {
				ASSETCATALOG_COMPILER_APPICON_NAME = AppIcon;
				INFOPLIST_FILE = "SSS Freshman App/Info.plist";
				LD_RUNPATH_SEARCH_PATHS = "$(inherited) @executable_path/Frameworks";
				PRODUCT_BUNDLE_IDENTIFIER = "com.digitalplight.PaceSSS.SSS-Freshman-App";
				PRODUCT_NAME = "$(TARGET_NAME)";
			};
			name = Release;
		};
/* End XCBuildConfiguration section */

/* Begin XCConfigurationList section */
		1A7863A21D6206C9004C1DC4 /* Build configuration list for PBXProject "Pace SSS" */ = {
			isa = XCConfigurationList;
			buildConfigurations = (
				1A7863B71D6206CA004C1DC4 /* Debug */,
				1A7863B81D6206CA004C1DC4 /* Release */,
			);
			defaultConfigurationIsVisible = 0;
			defaultConfigurationName = Release;
		};
		1A7863B91D6206CA004C1DC4 /* Build configuration list for PBXNativeTarget "SSS Freshman App" */ = {
			isa = XCConfigurationList;
			buildConfigurations = (
				1A7863BA1D6206CA004C1DC4 /* Debug */,
				1A7863BB1D6206CA004C1DC4 /* Release */,
			);
			defaultConfigurationIsVisible = 0;
			defaultConfigurationName = Release;
		};
/* End XCConfigurationList section */
	};
	rootObject = 1A78639F1D6206C9004C1DC4 /* Project object */;
}
