// !$*UTF8*$!
{
	archiveVersion = 1;
	classes = {
	};
	objectVersion = 46;
	objects = {

/* Begin PBXBuildFile section */
		1A0E86251D67DD9800A2DC2A /* locations.txt in Resources */ = {isa = PBXBuildFile; fileRef = 1A0E86241D67DD9800A2DC2A /* locations.txt */; };
		1A34B5CA1D623CC500751EE6 /* WebViewVC.swift in Sources */ = {isa = PBXBuildFile; fileRef = 1A34B5C91D623CC500751EE6 /* WebViewVC.swift */; };
		1A3CA0431D772BDE00CF147F /* GoogleMaps.bundle in Resources */ = {isa = PBXBuildFile; fileRef = 1A3CA0421D772BDE00CF147F /* GoogleMaps.bundle */; };
		1A3CA04A1D77374A00CF147F /* CourseVC.swift in Sources */ = {isa = PBXBuildFile; fileRef = 1A3CA0491D77374A00CF147F /* CourseVC.swift */; };
		1A72848A1D67C6E20078C862 /* Accelerate.framework in Frameworks */ = {isa = PBXBuildFile; fileRef = 1A72847D1D67C6E20078C862 /* Accelerate.framework */; };
		1A72848B1D67C6E20078C862 /* CoreData.framework in Frameworks */ = {isa = PBXBuildFile; fileRef = 1A72847E1D67C6E20078C862 /* CoreData.framework */; };
		1A72848C1D67C6E20078C862 /* CoreGraphics.framework in Frameworks */ = {isa = PBXBuildFile; fileRef = 1A72847F1D67C6E20078C862 /* CoreGraphics.framework */; };
		1A72848D1D67C6E20078C862 /* CoreLocation.framework in Frameworks */ = {isa = PBXBuildFile; fileRef = 1A7284801D67C6E20078C862 /* CoreLocation.framework */; };
		1A72848E1D67C6E20078C862 /* CoreText.framework in Frameworks */ = {isa = PBXBuildFile; fileRef = 1A7284811D67C6E20078C862 /* CoreText.framework */; };
		1A72848F1D67C6E20078C862 /* GLKit.framework in Frameworks */ = {isa = PBXBuildFile; fileRef = 1A7284821D67C6E20078C862 /* GLKit.framework */; };
		1A7284901D67C6E20078C862 /* ImageIO.framework in Frameworks */ = {isa = PBXBuildFile; fileRef = 1A7284831D67C6E20078C862 /* ImageIO.framework */; };
		1A7284911D67C6E20078C862 /* libc++.tbd in Frameworks */ = {isa = PBXBuildFile; fileRef = 1A7284841D67C6E20078C862 /* libc++.tbd */; };
		1A7284921D67C6E20078C862 /* libz.tbd in Frameworks */ = {isa = PBXBuildFile; fileRef = 1A7284851D67C6E20078C862 /* libz.tbd */; };
		1A7284931D67C6E20078C862 /* OpenGLES.framework in Frameworks */ = {isa = PBXBuildFile; fileRef = 1A7284861D67C6E20078C862 /* OpenGLES.framework */; };
		1A7284941D67C6E20078C862 /* QuartzCore.framework in Frameworks */ = {isa = PBXBuildFile; fileRef = 1A7284871D67C6E20078C862 /* QuartzCore.framework */; };
		1A7284951D67C6E20078C862 /* SystemConfiguration.framework in Frameworks */ = {isa = PBXBuildFile; fileRef = 1A7284881D67C6E20078C862 /* SystemConfiguration.framework */; };
		1A7284961D67C6E20078C862 /* UIKit.framework in Frameworks */ = {isa = PBXBuildFile; fileRef = 1A7284891D67C6E20078C862 /* UIKit.framework */; };
		1A72849A1D67CADA0078C862 /* MapVC.swift in Sources */ = {isa = PBXBuildFile; fileRef = 1A7284991D67CADA0078C862 /* MapVC.swift */; };
		1A7863AB1D6206C9004C1DC4 /* AppDelegate.swift in Sources */ = {isa = PBXBuildFile; fileRef = 1A7863AA1D6206C9004C1DC4 /* AppDelegate.swift */; };
		1A7863B01D6206C9004C1DC4 /* Main.storyboard in Resources */ = {isa = PBXBuildFile; fileRef = 1A7863AE1D6206C9004C1DC4 /* Main.storyboard */; };
		1A7863B21D6206CA004C1DC4 /* Assets.xcassets in Resources */ = {isa = PBXBuildFile; fileRef = 1A7863B11D6206CA004C1DC4 /* Assets.xcassets */; };
		1A7863B51D6206CA004C1DC4 /* LaunchScreen.storyboard in Resources */ = {isa = PBXBuildFile; fileRef = 1A7863B31D6206CA004C1DC4 /* LaunchScreen.storyboard */; };
		1A7863BD1D620AD8004C1DC4 /* RootVC.swift in Sources */ = {isa = PBXBuildFile; fileRef = 1A7863BC1D620AD8004C1DC4 /* RootVC.swift */; };
		1A8BD5791D773EDB0019A01E /* RealmModels.swift in Sources */ = {isa = PBXBuildFile; fileRef = 1A8BD5781D773EDB0019A01E /* RealmModels.swift */; };
		1A8BD57B1D7740490019A01E /* ModelManager.swift in Sources */ = {isa = PBXBuildFile; fileRef = 1A8BD57A1D7740490019A01E /* ModelManager.swift */; };
		1A9336461D62A6C400B3ABFC /* important_numbers.txt in Resources */ = {isa = PBXBuildFile; fileRef = 1A9336451D62A6C400B3ABFC /* important_numbers.txt */; };
		1A93364A1D62A77500B3ABFC /* ImportantContacts.swift in Sources */ = {isa = PBXBuildFile; fileRef = 1A9336491D62A77500B3ABFC /* ImportantContacts.swift */; };
		1A93364C1D62A8A200B3ABFC /* PhoneNumberCell.swift in Sources */ = {isa = PBXBuildFile; fileRef = 1A93364B1D62A8A200B3ABFC /* PhoneNumberCell.swift */; };
		1AA3933E1D77461C0003F72A /* GTMOAuth2ViewTouch.xib in Resources */ = {isa = PBXBuildFile; fileRef = 1AA3933D1D77461C0003F72A /* GTMOAuth2ViewTouch.xib */; };
		1AA393401D776CB00003F72A /* CourseCell.swift in Sources */ = {isa = PBXBuildFile; fileRef = 1AA3933F1D776CB00003F72A /* CourseCell.swift */; };
		1ACA4C041D621F2300DEB0C0 /* SupportVC.swift in Sources */ = {isa = PBXBuildFile; fileRef = 1ACA4C031D621F2200DEB0C0 /* SupportVC.swift */; };
		1ACC656F1D778FEA006B1C0C /* TutorTVC.swift in Sources */ = {isa = PBXBuildFile; fileRef = 1ACC656E1D778FEA006B1C0C /* TutorTVC.swift */; };
		1ACC65711D77A5DF006B1C0C /* TutorCell.swift in Sources */ = {isa = PBXBuildFile; fileRef = 1ACC65701D77A5DF006B1C0C /* TutorCell.swift */; };
		1ACC65741D77B750006B1C0C /* MentorsTVC.swift in Sources */ = {isa = PBXBuildFile; fileRef = 1ACC65731D77B750006B1C0C /* MentorsTVC.swift */; };
		1ACC65761D77BCED006B1C0C /* MentorCell.swift in Sources */ = {isa = PBXBuildFile; fileRef = 1ACC65751D77BCED006B1C0C /* MentorCell.swift */; };
		1AE990CC1D74CB5A008E81A3 /* EmailAction.swift in Sources */ = {isa = PBXBuildFile; fileRef = 1AE990CB1D74CB5A008E81A3 /* EmailAction.swift */; };
		1AF526C61D6BEACF001E1B83 /* Location.swift in Sources */ = {isa = PBXBuildFile; fileRef = 1AF526C51D6BEACF001E1B83 /* Location.swift */; };
		B6188F65EDD6A27EDE00B585 /* Pods_SSS_Freshman_App.framework in Frameworks */ = {isa = PBXBuildFile; fileRef = 1F41D070361E39CE2E093C69 /* Pods_SSS_Freshman_App.framework */; };
/* End PBXBuildFile section */

/* Begin PBXFileReference section */
		1169E6AA70F784AD6AE89F7D /* Pods-SSS Freshman App.release.xcconfig */ = {isa = PBXFileReference; includeInIndex = 1; lastKnownFileType = text.xcconfig; name = "Pods-SSS Freshman App.release.xcconfig"; path = "Pods/Target Support Files/Pods-SSS Freshman App/Pods-SSS Freshman App.release.xcconfig"; sourceTree = "<group>"; };
		1A0E86241D67DD9800A2DC2A /* locations.txt */ = {isa = PBXFileReference; fileEncoding = 4; lastKnownFileType = text; path = locations.txt; sourceTree = "<group>"; };
		1A34B5C91D623CC500751EE6 /* WebViewVC.swift */ = {isa = PBXFileReference; fileEncoding = 4; lastKnownFileType = sourcecode.swift; path = WebViewVC.swift; sourceTree = "<group>"; };
		1A3CA0421D772BDE00CF147F /* GoogleMaps.bundle */ = {isa = PBXFileReference; lastKnownFileType = "wrapper.plug-in"; name = GoogleMaps.bundle; path = Pods/GoogleMaps/Subspecs/Maps/Frameworks/GoogleMaps.framework/Versions/A/Resources/GoogleMaps.bundle; sourceTree = "<group>"; };
		1A3CA0441D77349000CF147F /* GTMOAuth2.framework */ = {isa = PBXFileReference; explicitFileType = wrapper.framework; name = GTMOAuth2.framework; path = "/Users/james/Library/Developer/Xcode/DerivedData/Pace_SSS-fzuygdlgzbiytqahvgtqpuhqmrtm/Build/Products/Debug-iphonesimulator/GTMOAuth2/GTMOAuth2.framework"; sourceTree = "<absolute>"; };
		1A3CA0491D77374A00CF147F /* CourseVC.swift */ = {isa = PBXFileReference; fileEncoding = 4; lastKnownFileType = sourcecode.swift; path = CourseVC.swift; sourceTree = "<group>"; };
		1A72847D1D67C6E20078C862 /* Accelerate.framework */ = {isa = PBXFileReference; lastKnownFileType = wrapper.framework; name = Accelerate.framework; path = System/Library/Frameworks/Accelerate.framework; sourceTree = SDKROOT; };
		1A72847E1D67C6E20078C862 /* CoreData.framework */ = {isa = PBXFileReference; lastKnownFileType = wrapper.framework; name = CoreData.framework; path = System/Library/Frameworks/CoreData.framework; sourceTree = SDKROOT; };
		1A72847F1D67C6E20078C862 /* CoreGraphics.framework */ = {isa = PBXFileReference; lastKnownFileType = wrapper.framework; name = CoreGraphics.framework; path = System/Library/Frameworks/CoreGraphics.framework; sourceTree = SDKROOT; };
		1A7284801D67C6E20078C862 /* CoreLocation.framework */ = {isa = PBXFileReference; lastKnownFileType = wrapper.framework; name = CoreLocation.framework; path = System/Library/Frameworks/CoreLocation.framework; sourceTree = SDKROOT; };
		1A7284811D67C6E20078C862 /* CoreText.framework */ = {isa = PBXFileReference; lastKnownFileType = wrapper.framework; name = CoreText.framework; path = System/Library/Frameworks/CoreText.framework; sourceTree = SDKROOT; };
		1A7284821D67C6E20078C862 /* GLKit.framework */ = {isa = PBXFileReference; lastKnownFileType = wrapper.framework; name = GLKit.framework; path = System/Library/Frameworks/GLKit.framework; sourceTree = SDKROOT; };
		1A7284831D67C6E20078C862 /* ImageIO.framework */ = {isa = PBXFileReference; lastKnownFileType = wrapper.framework; name = ImageIO.framework; path = System/Library/Frameworks/ImageIO.framework; sourceTree = SDKROOT; };
		1A7284841D67C6E20078C862 /* libc++.tbd */ = {isa = PBXFileReference; lastKnownFileType = "sourcecode.text-based-dylib-definition"; name = "libc++.tbd"; path = "usr/lib/libc++.tbd"; sourceTree = SDKROOT; };
		1A7284851D67C6E20078C862 /* libz.tbd */ = {isa = PBXFileReference; lastKnownFileType = "sourcecode.text-based-dylib-definition"; name = libz.tbd; path = usr/lib/libz.tbd; sourceTree = SDKROOT; };
		1A7284861D67C6E20078C862 /* OpenGLES.framework */ = {isa = PBXFileReference; lastKnownFileType = wrapper.framework; name = OpenGLES.framework; path = System/Library/Frameworks/OpenGLES.framework; sourceTree = SDKROOT; };
		1A7284871D67C6E20078C862 /* QuartzCore.framework */ = {isa = PBXFileReference; lastKnownFileType = wrapper.framework; name = QuartzCore.framework; path = System/Library/Frameworks/QuartzCore.framework; sourceTree = SDKROOT; };
		1A7284881D67C6E20078C862 /* SystemConfiguration.framework */ = {isa = PBXFileReference; lastKnownFileType = wrapper.framework; name = SystemConfiguration.framework; path = System/Library/Frameworks/SystemConfiguration.framework; sourceTree = SDKROOT; };
		1A7284891D67C6E20078C862 /* UIKit.framework */ = {isa = PBXFileReference; lastKnownFileType = wrapper.framework; name = UIKit.framework; path = System/Library/Frameworks/UIKit.framework; sourceTree = SDKROOT; };
		1A7284991D67CADA0078C862 /* MapVC.swift */ = {isa = PBXFileReference; fileEncoding = 4; lastKnownFileType = sourcecode.swift; path = MapVC.swift; sourceTree = "<group>"; };
		1A7863A71D6206C9004C1DC4 /* SSS Freshman App.app */ = {isa = PBXFileReference; explicitFileType = wrapper.application; includeInIndex = 0; path = "SSS Freshman App.app"; sourceTree = BUILT_PRODUCTS_DIR; };
		1A7863AA1D6206C9004C1DC4 /* AppDelegate.swift */ = {isa = PBXFileReference; lastKnownFileType = sourcecode.swift; path = AppDelegate.swift; sourceTree = "<group>"; };
		1A7863AF1D6206C9004C1DC4 /* Base */ = {isa = PBXFileReference; lastKnownFileType = file.storyboard; name = Base; path = Base.lproj/Main.storyboard; sourceTree = "<group>"; };
		1A7863B11D6206CA004C1DC4 /* Assets.xcassets */ = {isa = PBXFileReference; lastKnownFileType = folder.assetcatalog; path = Assets.xcassets; sourceTree = "<group>"; };
		1A7863B41D6206CA004C1DC4 /* Base */ = {isa = PBXFileReference; lastKnownFileType = file.storyboard; name = Base; path = Base.lproj/LaunchScreen.storyboard; sourceTree = "<group>"; };
		1A7863B61D6206CA004C1DC4 /* Info.plist */ = {isa = PBXFileReference; lastKnownFileType = text.plist.xml; path = Info.plist; sourceTree = "<group>"; };
		1A7863BC1D620AD8004C1DC4 /* RootVC.swift */ = {isa = PBXFileReference; fileEncoding = 4; lastKnownFileType = sourcecode.swift; path = RootVC.swift; sourceTree = "<group>"; };
		1A8BD5781D773EDB0019A01E /* RealmModels.swift */ = {isa = PBXFileReference; fileEncoding = 4; lastKnownFileType = sourcecode.swift; path = RealmModels.swift; sourceTree = "<group>"; };
		1A8BD57A1D7740490019A01E /* ModelManager.swift */ = {isa = PBXFileReference; fileEncoding = 4; lastKnownFileType = sourcecode.swift; path = ModelManager.swift; sourceTree = "<group>"; };
		1A9336451D62A6C400B3ABFC /* important_numbers.txt */ = {isa = PBXFileReference; fileEncoding = 4; lastKnownFileType = text; path = important_numbers.txt; sourceTree = "<group>"; };
		1A9336491D62A77500B3ABFC /* ImportantContacts.swift */ = {isa = PBXFileReference; fileEncoding = 4; lastKnownFileType = sourcecode.swift; path = ImportantContacts.swift; sourceTree = "<group>"; };
		1A93364B1D62A8A200B3ABFC /* PhoneNumberCell.swift */ = {isa = PBXFileReference; fileEncoding = 4; lastKnownFileType = sourcecode.swift; path = PhoneNumberCell.swift; sourceTree = "<group>"; };
		1AA3933D1D77461C0003F72A /* GTMOAuth2ViewTouch.xib */ = {isa = PBXFileReference; fileEncoding = 4; lastKnownFileType = file.xib; path = GTMOAuth2ViewTouch.xib; sourceTree = "<group>"; };
		1AA3933F1D776CB00003F72A /* CourseCell.swift */ = {isa = PBXFileReference; fileEncoding = 4; lastKnownFileType = sourcecode.swift; path = CourseCell.swift; sourceTree = "<group>"; };
		1ACA4C031D621F2200DEB0C0 /* SupportVC.swift */ = {isa = PBXFileReference; fileEncoding = 4; lastKnownFileType = sourcecode.swift; path = SupportVC.swift; sourceTree = "<group>"; };
		1ACC656E1D778FEA006B1C0C /* TutorTVC.swift */ = {isa = PBXFileReference; fileEncoding = 4; lastKnownFileType = sourcecode.swift; path = TutorTVC.swift; sourceTree = "<group>"; };
		1ACC65701D77A5DF006B1C0C /* TutorCell.swift */ = {isa = PBXFileReference; fileEncoding = 4; lastKnownFileType = sourcecode.swift; path = TutorCell.swift; sourceTree = "<group>"; };
		1ACC65731D77B750006B1C0C /* MentorsTVC.swift */ = {isa = PBXFileReference; fileEncoding = 4; lastKnownFileType = sourcecode.swift; path = MentorsTVC.swift; sourceTree = "<group>"; };
		1ACC65751D77BCED006B1C0C /* MentorCell.swift */ = {isa = PBXFileReference; fileEncoding = 4; lastKnownFileType = sourcecode.swift; path = MentorCell.swift; sourceTree = "<group>"; };
		1AE990CB1D74CB5A008E81A3 /* EmailAction.swift */ = {isa = PBXFileReference; fileEncoding = 4; lastKnownFileType = sourcecode.swift; path = EmailAction.swift; sourceTree = "<group>"; };
		1AF526C51D6BEACF001E1B83 /* Location.swift */ = {isa = PBXFileReference; fileEncoding = 4; lastKnownFileType = sourcecode.swift; path = Location.swift; sourceTree = "<group>"; };
		1F41D070361E39CE2E093C69 /* Pods_SSS_Freshman_App.framework */ = {isa = PBXFileReference; explicitFileType = wrapper.framework; includeInIndex = 0; path = Pods_SSS_Freshman_App.framework; sourceTree = BUILT_PRODUCTS_DIR; };
		E81EED59DD37E69A3DD0A1E8 /* Pods-SSS Freshman App.debug.xcconfig */ = {isa = PBXFileReference; includeInIndex = 1; lastKnownFileType = text.xcconfig; name = "Pods-SSS Freshman App.debug.xcconfig"; path = "Pods/Target Support Files/Pods-SSS Freshman App/Pods-SSS Freshman App.debug.xcconfig"; sourceTree = "<group>"; };
/* End PBXFileReference section */

/* Begin PBXFrameworksBuildPhase section */
		1A7863A41D6206C9004C1DC4 /* Frameworks */ = {
			isa = PBXFrameworksBuildPhase;
			buildActionMask = 2147483647;
			files = (
				1A72848A1D67C6E20078C862 /* Accelerate.framework in Frameworks */,
				1A72848B1D67C6E20078C862 /* CoreData.framework in Frameworks */,
				1A72848C1D67C6E20078C862 /* CoreGraphics.framework in Frameworks */,
				1A72848D1D67C6E20078C862 /* CoreLocation.framework in Frameworks */,
				1A72848E1D67C6E20078C862 /* CoreText.framework in Frameworks */,
				1A72848F1D67C6E20078C862 /* GLKit.framework in Frameworks */,
				1A7284901D67C6E20078C862 /* ImageIO.framework in Frameworks */,
				1A7284911D67C6E20078C862 /* libc++.tbd in Frameworks */,
				1A7284921D67C6E20078C862 /* libz.tbd in Frameworks */,
				1A7284931D67C6E20078C862 /* OpenGLES.framework in Frameworks */,
				1A7284941D67C6E20078C862 /* QuartzCore.framework in Frameworks */,
				1A7284951D67C6E20078C862 /* SystemConfiguration.framework in Frameworks */,
				1A7284961D67C6E20078C862 /* UIKit.framework in Frameworks */,
				B6188F65EDD6A27EDE00B585 /* Pods_SSS_Freshman_App.framework in Frameworks */,
			);
			runOnlyForDeploymentPostprocessing = 0;
		};
/* End PBXFrameworksBuildPhase section */

/* Begin PBXGroup section */
		1A3CA0481D77361700CF147F /* Courses */ = {
			isa = PBXGroup;
			children = (
				1A3CA0491D77374A00CF147F /* CourseVC.swift */,
				1AA3933F1D776CB00003F72A /* CourseCell.swift */,
			);
			name = Courses;
			sourceTree = "<group>";
		};
		1A7284971D67C6F40078C862 /* Frameworks */ = {
			isa = PBXGroup;
			children = (
				1A72847D1D67C6E20078C862 /* Accelerate.framework */,
				1A72847E1D67C6E20078C862 /* CoreData.framework */,
				1A72847F1D67C6E20078C862 /* CoreGraphics.framework */,
				1A7284801D67C6E20078C862 /* CoreLocation.framework */,
				1A7284811D67C6E20078C862 /* CoreText.framework */,
				1A7284821D67C6E20078C862 /* GLKit.framework */,
				1A7284831D67C6E20078C862 /* ImageIO.framework */,
				1A7284841D67C6E20078C862 /* libc++.tbd */,
				1A7284851D67C6E20078C862 /* libz.tbd */,
				1A7284861D67C6E20078C862 /* OpenGLES.framework */,
				1A7284871D67C6E20078C862 /* QuartzCore.framework */,
				1A7284881D67C6E20078C862 /* SystemConfiguration.framework */,
				1A7284891D67C6E20078C862 /* UIKit.framework */,
				1F41D070361E39CE2E093C69 /* Pods_SSS_Freshman_App.framework */,
			);
			name = Frameworks;
			sourceTree = "<group>";
		};
		1A7284981D67CAC00078C862 /* Map */ = {
			isa = PBXGroup;
			children = (
				1AF526C51D6BEACF001E1B83 /* Location.swift */,
				1A7284991D67CADA0078C862 /* MapVC.swift */,
				1A0E86241D67DD9800A2DC2A /* locations.txt */,
			);
			path = Map;
			sourceTree = "<group>";
		};
		1A78639E1D6206C9004C1DC4 = {
			isa = PBXGroup;
			children = (
				1A3CA0441D77349000CF147F /* GTMOAuth2.framework */,
				1A3CA0421D772BDE00CF147F /* GoogleMaps.bundle */,
				1A7284971D67C6F40078C862 /* Frameworks */,
				1A7863A81D6206C9004C1DC4 /* Products */,
				1A7863A91D6206C9004C1DC4 /* SSSFreshmanApp */,
				E87E8A9955A0F4C4B9BF382D /* Pods */,
			);
			sourceTree = "<group>";
		};
		1A7863A81D6206C9004C1DC4 /* Products */ = {
			isa = PBXGroup;
			children = (
				1A7863A71D6206C9004C1DC4 /* SSS Freshman App.app */,
			);
			name = Products;
			sourceTree = "<group>";
		};
		1A7863A91D6206C9004C1DC4 /* SSSFreshmanApp */ = {
			isa = PBXGroup;
			children = (
				1A9336481D62A76000B3ABFC /* Contacts */,
				1A3CA0481D77361700CF147F /* Courses */,
				1A7284981D67CAC00078C862 /* Map */,
				1ACC65721D77B722006B1C0C /* Mentors */,
				1A8BD5771D773ECF0019A01E /* Model */,
				1A7863BE1D620ADE004C1DC4 /* RootGroup */,
				1ACA4C021D621F1100DEB0C0 /* Support */,
				1ACC656D1D778DCD006B1C0C /* Tutoring */,
				1A7863AA1D6206C9004C1DC4 /* AppDelegate.swift */,
				1A7863B11D6206CA004C1DC4 /* Assets.xcassets */,
				1A7863B61D6206CA004C1DC4 /* Info.plist */,
				1A7863B31D6206CA004C1DC4 /* LaunchScreen.storyboard */,
				1A7863AE1D6206C9004C1DC4 /* Main.storyboard */,
				1AA3933D1D77461C0003F72A /* GTMOAuth2ViewTouch.xib */,
			);
			path = SSSFreshmanApp;
			sourceTree = "<group>";
		};
		1A7863BE1D620ADE004C1DC4 /* RootGroup */ = {
			isa = PBXGroup;
			children = (
				1A7863BC1D620AD8004C1DC4 /* RootVC.swift */,
				1AE990CB1D74CB5A008E81A3 /* EmailAction.swift */,
			);
			path = RootGroup;
			sourceTree = "<group>";
		};
		1A8BD5771D773ECF0019A01E /* Model */ = {
			isa = PBXGroup;
			children = (
				1A8BD5781D773EDB0019A01E /* RealmModels.swift */,
				1A8BD57A1D7740490019A01E /* ModelManager.swift */,
			);
			name = Model;
			sourceTree = "<group>";
		};
		1A9336481D62A76000B3ABFC /* Contacts */ = {
			isa = PBXGroup;
			children = (
				1A9336491D62A77500B3ABFC /* ImportantContacts.swift */,
				1A93364B1D62A8A200B3ABFC /* PhoneNumberCell.swift */,
				1A9336451D62A6C400B3ABFC /* important_numbers.txt */,
			);
			path = Contacts;
			sourceTree = "<group>";
		};
		1ACA4C021D621F1100DEB0C0 /* Support */ = {
			isa = PBXGroup;
			children = (
				1ACA4C031D621F2200DEB0C0 /* SupportVC.swift */,
				1A34B5C91D623CC500751EE6 /* WebViewVC.swift */,
			);
			path = Support;
			sourceTree = "<group>";
		};
		1ACC656D1D778DCD006B1C0C /* Tutoring */ = {
			isa = PBXGroup;
			children = (
				1ACC656E1D778FEA006B1C0C /* TutorTVC.swift */,
				1ACC65701D77A5DF006B1C0C /* TutorCell.swift */,
			);
			name = Tutoring;
			sourceTree = "<group>";
		};
		1ACC65721D77B722006B1C0C /* Mentors */ = {
			isa = PBXGroup;
			children = (
				1ACC65731D77B750006B1C0C /* MentorsTVC.swift */,
				1ACC65751D77BCED006B1C0C /* MentorCell.swift */,
			);
			name = Mentors;
			sourceTree = "<group>";
		};
		E87E8A9955A0F4C4B9BF382D /* Pods */ = {
			isa = PBXGroup;
			children = (
				E81EED59DD37E69A3DD0A1E8 /* Pods-SSS Freshman App.debug.xcconfig */,
				1169E6AA70F784AD6AE89F7D /* Pods-SSS Freshman App.release.xcconfig */,
			);
			name = Pods;
			sourceTree = "<group>";
		};
/* End PBXGroup section */

/* Begin PBXNativeTarget section */
		1A7863A61D6206C9004C1DC4 /* SSS Freshman App */ = {
			isa = PBXNativeTarget;
			buildConfigurationList = 1A7863B91D6206CA004C1DC4 /* Build configuration list for PBXNativeTarget "SSS Freshman App" */;
			buildPhases = (
				4F9EEF2F01FF747B321AD46F /* 📦 Check Pods Manifest.lock */,
				1A7863A31D6206C9004C1DC4 /* Sources */,
				1A7863A41D6206C9004C1DC4 /* Frameworks */,
				1A7863A51D6206C9004C1DC4 /* Resources */,
				EABC2B01B4BC989A50B008C1 /* 📦 Embed Pods Frameworks */,
				F108423CB6052E92D94D455C /* 📦 Copy Pods Resources */,
			);
			buildRules = (
			);
			dependencies = (
			);
			name = "SSS Freshman App";
			productName = "SSS Freshman App";
			productReference = 1A7863A71D6206C9004C1DC4 /* SSS Freshman App.app */;
			productType = "com.apple.product-type.application";
		};
/* End PBXNativeTarget section */

/* Begin PBXProject section */
		1A78639F1D6206C9004C1DC4 /* Project object */ = {
			isa = PBXProject;
			attributes = {
				LastSwiftUpdateCheck = 0730;
				LastUpgradeCheck = 0730;
				ORGANIZATIONNAME = "Digital Catnip";
				TargetAttributes = {
					1A7863A61D6206C9004C1DC4 = {
						CreatedOnToolsVersion = 7.3.1;
						DevelopmentTeam = WP7AET382G;
					};
				};
			};
			buildConfigurationList = 1A7863A21D6206C9004C1DC4 /* Build configuration list for PBXProject "Pace SSS" */;
			compatibilityVersion = "Xcode 3.2";
			developmentRegion = English;
			hasScannedForEncodings = 0;
			knownRegions = (
				en,
				Base,
				ar,
				ca,
				cs,
				da,
				de,
				el,
				en_GB,
				es,
				fi,
				fr,
				he,
				hr,
				hu,
				id,
				it,
				ja,
				ko,
				ms,
				nb,
				nl,
				pl,
				pt,
				pt_PT,
				ro,
				ru,
				sk,
				sv,
				th,
				tr,
				uk,
				vi,
				zh_CN,
				zh_TW,
			);
			mainGroup = 1A78639E1D6206C9004C1DC4;
			productRefGroup = 1A7863A81D6206C9004C1DC4 /* Products */;
			projectDirPath = "";
			projectRoot = "";
			targets = (
				1A7863A61D6206C9004C1DC4 /* SSS Freshman App */,
			);
		};
/* End PBXProject section */

/* Begin PBXResourcesBuildPhase section */
		1A7863A51D6206C9004C1DC4 /* Resources */ = {
			isa = PBXResourcesBuildPhase;
			buildActionMask = 2147483647;
			files = (
				1AA3933E1D77461C0003F72A /* GTMOAuth2ViewTouch.xib in Resources */,
				1A7863B51D6206CA004C1DC4 /* LaunchScreen.storyboard in Resources */,
				1A7863B21D6206CA004C1DC4 /* Assets.xcassets in Resources */,
				1A9336461D62A6C400B3ABFC /* important_numbers.txt in Resources */,
				1A3CA0431D772BDE00CF147F /* GoogleMaps.bundle in Resources */,
				1A7863B01D6206C9004C1DC4 /* Main.storyboard in Resources */,
				1A0E86251D67DD9800A2DC2A /* locations.txt in Resources */,
			);
			runOnlyForDeploymentPostprocessing = 0;
		};
/* End PBXResourcesBuildPhase section */

/* Begin PBXShellScriptBuildPhase section */
		4F9EEF2F01FF747B321AD46F /* 📦 Check Pods Manifest.lock */ = {
			isa = PBXShellScriptBuildPhase;
			buildActionMask = 2147483647;
			files = (
			);
			inputPaths = (
			);
			name = "📦 Check Pods Manifest.lock";
			outputPaths = (
			);
			runOnlyForDeploymentPostprocessing = 0;
			shellPath = /bin/sh;
			shellScript = "diff \"${PODS_ROOT}/../Podfile.lock\" \"${PODS_ROOT}/Manifest.lock\" > /dev/null\nif [[ $? != 0 ]] ; then\n    cat << EOM\nerror: The sandbox is not in sync with the Podfile.lock. Run 'pod install' or update your CocoaPods installation.\nEOM\n    exit 1\nfi\n";
			showEnvVarsInLog = 0;
		};
		EABC2B01B4BC989A50B008C1 /* 📦 Embed Pods Frameworks */ = {
			isa = PBXShellScriptBuildPhase;
			buildActionMask = 2147483647;
			files = (
			);
			inputPaths = (
			);
			name = "📦 Embed Pods Frameworks";
			outputPaths = (
			);
			runOnlyForDeploymentPostprocessing = 0;
			shellPath = /bin/sh;
			shellScript = "\"${SRCROOT}/Pods/Target Support Files/Pods-SSS Freshman App/Pods-SSS Freshman App-frameworks.sh\"\n";
			showEnvVarsInLog = 0;
		};
		F108423CB6052E92D94D455C /* 📦 Copy Pods Resources */ = {
			isa = PBXShellScriptBuildPhase;
			buildActionMask = 2147483647;
			files = (
			);
			inputPaths = (
			);
			name = "📦 Copy Pods Resources";
			outputPaths = (
			);
			runOnlyForDeploymentPostprocessing = 0;
			shellPath = /bin/sh;
			shellScript = "\"${SRCROOT}/Pods/Target Support Files/Pods-SSS Freshman App/Pods-SSS Freshman App-resources.sh\"\n";
			showEnvVarsInLog = 0;
		};
/* End PBXShellScriptBuildPhase section */

/* Begin PBXSourcesBuildPhase section */
		1A7863A31D6206C9004C1DC4 /* Sources */ = {
			isa = PBXSourcesBuildPhase;
			buildActionMask = 2147483647;
			files = (
				1ACC65761D77BCED006B1C0C /* MentorCell.swift in Sources */,
				1ACC65741D77B750006B1C0C /* MentorsTVC.swift in Sources */,
				1ACA4C041D621F2300DEB0C0 /* SupportVC.swift in Sources */,
				1A93364A1D62A77500B3ABFC /* ImportantContacts.swift in Sources */,
				1AF526C61D6BEACF001E1B83 /* Location.swift in Sources */,
				1A3CA04A1D77374A00CF147F /* CourseVC.swift in Sources */,
				1AA393401D776CB00003F72A /* CourseCell.swift in Sources */,
				1A8BD5791D773EDB0019A01E /* RealmModels.swift in Sources */,
				1ACC656F1D778FEA006B1C0C /* TutorTVC.swift in Sources */,
				1A8BD57B1D7740490019A01E /* ModelManager.swift in Sources */,
				1A34B5CA1D623CC500751EE6 /* WebViewVC.swift in Sources */,
				1A93364C1D62A8A200B3ABFC /* PhoneNumberCell.swift in Sources */,
				1A7863BD1D620AD8004C1DC4 /* RootVC.swift in Sources */,
				1A7863AB1D6206C9004C1DC4 /* AppDelegate.swift in Sources */,
				1ACC65711D77A5DF006B1C0C /* TutorCell.swift in Sources */,
				1A72849A1D67CADA0078C862 /* MapVC.swift in Sources */,
				1AE990CC1D74CB5A008E81A3 /* EmailAction.swift in Sources */,
			);
			runOnlyForDeploymentPostprocessing = 0;
		};
/* End PBXSourcesBuildPhase section */

/* Begin PBXVariantGroup section */
		1A7863AE1D6206C9004C1DC4 /* Main.storyboard */ = {
			isa = PBXVariantGroup;
			children = (
				1A7863AF1D6206C9004C1DC4 /* Base */,
			);
			name = Main.storyboard;
			path = .;
			sourceTree = "<group>";
		};
		1A7863B31D6206CA004C1DC4 /* LaunchScreen.storyboard */ = {
			isa = PBXVariantGroup;
			children = (
				1A7863B41D6206CA004C1DC4 /* Base */,
			);
			name = LaunchScreen.storyboard;
			path = .;
			sourceTree = "<group>";
		};
/* End PBXVariantGroup section */

/* Begin XCBuildConfiguration section */
		1A7863B71D6206CA004C1DC4 /* Debug */ = {
			isa = XCBuildConfiguration;
			buildSettings = {
				ALWAYS_SEARCH_USER_PATHS = NO;
				CLANG_ANALYZER_NONNULL = YES;
				CLANG_CXX_LANGUAGE_STANDARD = "gnu++0x";
				CLANG_CXX_LIBRARY = "libc++";
				CLANG_ENABLE_MODULES = YES;
				CLANG_ENABLE_OBJC_ARC = YES;
				CLANG_WARN_BOOL_CONVERSION = YES;
				CLANG_WARN_CONSTANT_CONVERSION = YES;
				CLANG_WARN_DIRECT_OBJC_ISA_USAGE = YES_ERROR;
				CLANG_WARN_EMPTY_BODY = YES;
				CLANG_WARN_ENUM_CONVERSION = YES;
				CLANG_WARN_INT_CONVERSION = YES;
				CLANG_WARN_OBJC_ROOT_CLASS = YES_ERROR;
				CLANG_WARN_UNREACHABLE_CODE = YES;
				CLANG_WARN__DUPLICATE_METHOD_MATCH = YES;
				"CODE_SIGN_IDENTITY[sdk=iphoneos*]" = "iPhone Developer";
				COPY_PHASE_STRIP = NO;
				DEBUG_INFORMATION_FORMAT = dwarf;
				ENABLE_STRICT_OBJC_MSGSEND = YES;
				ENABLE_TESTABILITY = YES;
				GCC_C_LANGUAGE_STANDARD = gnu99;
				GCC_DYNAMIC_NO_PIC = NO;
				GCC_NO_COMMON_BLOCKS = YES;
				GCC_OPTIMIZATION_LEVEL = 0;
				GCC_PREPROCESSOR_DEFINITIONS = (
					"DEBUG=1",
					"$(inherited)",
				);
				GCC_WARN_64_TO_32_BIT_CONVERSION = YES;
				GCC_WARN_ABOUT_RETURN_TYPE = YES_ERROR;
				GCC_WARN_UNDECLARED_SELECTOR = YES;
				GCC_WARN_UNINITIALIZED_AUTOS = YES_AGGRESSIVE;
				GCC_WARN_UNUSED_FUNCTION = YES;
				GCC_WARN_UNUSED_VARIABLE = YES;
				IPHONEOS_DEPLOYMENT_TARGET = 9.3;
				MTL_ENABLE_DEBUG_INFO = YES;
				ONLY_ACTIVE_ARCH = YES;
				SDKROOT = iphoneos;
				SWIFT_OPTIMIZATION_LEVEL = "-Onone";
			};
			name = Debug;
		};
		1A7863B81D6206CA004C1DC4 /* Release */ = {
			isa = XCBuildConfiguration;
			buildSettings = {
				ALWAYS_SEARCH_USER_PATHS = NO;
				CLANG_ANALYZER_NONNULL = YES;
				CLANG_CXX_LANGUAGE_STANDARD = "gnu++0x";
				CLANG_CXX_LIBRARY = "libc++";
				CLANG_ENABLE_MODULES = YES;
				CLANG_ENABLE_OBJC_ARC = YES;
				CLANG_WARN_BOOL_CONVERSION = YES;
				CLANG_WARN_CONSTANT_CONVERSION = YES;
				CLANG_WARN_DIRECT_OBJC_ISA_USAGE = YES_ERROR;
				CLANG_WARN_EMPTY_BODY = YES;
				CLANG_WARN_ENUM_CONVERSION = YES;
				CLANG_WARN_INT_CONVERSION = YES;
				CLANG_WARN_OBJC_ROOT_CLASS = YES_ERROR;
				CLANG_WARN_UNREACHABLE_CODE = YES;
				CLANG_WARN__DUPLICATE_METHOD_MATCH = YES;
				"CODE_SIGN_IDENTITY[sdk=iphoneos*]" = "iPhone Developer";
				COPY_PHASE_STRIP = NO;
				DEBUG_INFORMATION_FORMAT = "dwarf-with-dsym";
				ENABLE_NS_ASSERTIONS = NO;
				ENABLE_STRICT_OBJC_MSGSEND = YES;
				GCC_C_LANGUAGE_STANDARD = gnu99;
				GCC_NO_COMMON_BLOCKS = YES;
				GCC_WARN_64_TO_32_BIT_CONVERSION = YES;
				GCC_WARN_ABOUT_RETURN_TYPE = YES_ERROR;
				GCC_WARN_UNDECLARED_SELECTOR = YES;
				GCC_WARN_UNINITIALIZED_AUTOS = YES_AGGRESSIVE;
				GCC_WARN_UNUSED_FUNCTION = YES;
				GCC_WARN_UNUSED_VARIABLE = YES;
				IPHONEOS_DEPLOYMENT_TARGET = 9.3;
				MTL_ENABLE_DEBUG_INFO = NO;
				SDKROOT = iphoneos;
				VALIDATE_PRODUCT = YES;
			};
			name = Release;
		};
		1A7863BA1D6206CA004C1DC4 /* Debug */ = {
			isa = XCBuildConfiguration;
			baseConfigurationReference = E81EED59DD37E69A3DD0A1E8 /* Pods-SSS Freshman App.debug.xcconfig */;
			buildSettings = {
				ASSETCATALOG_COMPILER_APPICON_NAME = AppIcon;
				CODE_SIGN_IDENTITY = "iPhone Developer";
				FRAMEWORK_SEARCH_PATHS = (
					"$(inherited)",
					"SSSFreshmanApp/Dependencies/GoogleMaps-2.0.1/**",
					"$(PROJECT_DIR)/Carthage/Build/iOS",
				);
				INFOPLIST_FILE = "$(SRCROOT)/SSSFreshmanApp/Info.plist";
				LD_RUNPATH_SEARCH_PATHS = "$(inherited) @executable_path/Frameworks";
				LIBRARY_SEARCH_PATHS = "Dependencies/**";
				OTHER_LDFLAGS = (
					"$(inherited)",
					"-ObjC",
				);
				PRODUCT_BUNDLE_IDENTIFIER = com.digitalplight.PaceSSS.SSSFreshmanApp;
				PRODUCT_NAME = "$(TARGET_NAME)";
				SWIFT_OBJC_BRIDGING_HEADER = "SSSFreshmanApp/Dependencies/Pace SSS-Bridging-Header.h";
			};
			name = Debug;
		};
		1A7863BB1D6206CA004C1DC4 /* Release */ = {
			isa = XCBuildConfiguration;
			baseConfigurationReference = 1169E6AA70F784AD6AE89F7D /* Pods-SSS Freshman App.release.xcconfig */;
			buildSettings = {
				ASSETCATALOG_COMPILER_APPICON_NAME = AppIcon;
				CODE_SIGN_IDENTITY = "iPhone Developer";
				FRAMEWORK_SEARCH_PATHS = (
					"$(inherited)",
					"SSSFreshmanApp/Dependencies/GoogleMaps-2.0.1/**",
					"$(PROJECT_DIR)/Carthage/Build/iOS",
				);
				INFOPLIST_FILE = "$(SRCROOT)/SSSFreshmanApp/Info.plist";
				LD_RUNPATH_SEARCH_PATHS = "$(inherited) @executable_path/Frameworks";
				LIBRARY_SEARCH_PATHS = "Dependencies/**";
				"LIBRARY_SEARCH_PATHS[arch=*]" = "";
				OTHER_LDFLAGS = (
					"$(inherited)",
					"-ObjC",
				);
				PRODUCT_BUNDLE_IDENTIFIER = com.digitalplight.PaceSSS.SSSFreshmanApp;
				PRODUCT_NAME = "$(TARGET_NAME)";
				SWIFT_OBJC_BRIDGING_HEADER = "SSSFreshmanApp/Dependencies/Pace SSS-Bridging-Header.h";
			};
			name = Release;
		};
/* End XCBuildConfiguration section */

/* Begin XCConfigurationList section */
		1A7863A21D6206C9004C1DC4 /* Build configuration list for PBXProject "Pace SSS" */ = {
			isa = XCConfigurationList;
			buildConfigurations = (
				1A7863B71D6206CA004C1DC4 /* Debug */,
				1A7863B81D6206CA004C1DC4 /* Release */,
			);
			defaultConfigurationIsVisible = 0;
			defaultConfigurationName = Release;
		};
		1A7863B91D6206CA004C1DC4 /* Build configuration list for PBXNativeTarget "SSS Freshman App" */ = {
			isa = XCConfigurationList;
			buildConfigurations = (
				1A7863BA1D6206CA004C1DC4 /* Debug */,
				1A7863BB1D6206CA004C1DC4 /* Release */,
			);
			defaultConfigurationIsVisible = 0;
			defaultConfigurationName = Release;
		};
/* End XCConfigurationList section */
	};
	rootObject = 1A78639F1D6206C9004C1DC4 /* Project object */;
}
